
Microsoft Visual Studio Solution File, Format Version 12.00
# Visual Studio Version 17
VisualStudioVersion = 17.8.34525.116
MinimumVisualStudioVersion = 10.0.40219.1
Project("{FAE04EC0-301F-11D3-BF4B-00C04F79EFBC}") = "TechnicalServiceAutomation", "TechnicalServiceAutomation.csproj", "{61C5E8C7-29F4-41A2-8C17-6F5EE5F73592}"
EndProject
Global
	GlobalSection(SolutionConfigurationPlatforms) = preSolution
		Debug|Any CPU = Debug|Any CPU
		Release|Any CPU = Release|Any CPU
	EndGlobalSection
	GlobalSection(ProjectConfigurationPlatforms) = postSolution
		{61C5E8C7-29F4-41A2-8C17-6F5EE5F73592}.Debug|Any CPU.ActiveCfg = Debug|Any CPU
		{61C5E8C7-29F4-41A2-8C17-6F5EE5F73592}.Debug|Any CPU.Build.0 = Debug|Any CPU
		{61C5E8C7-29F4-41A2-8C17-6F5EE5F73592}.Release|Any CPU.ActiveCfg = Release|Any CPU
		{61C5E8C7-29F4-41A2-8C17-6F5EE5F73592}.Release|Any CPU.Build.0 = Release|Any CPU
	EndGlobalSection
	GlobalSection(SolutionProperties) = preSolution
		HideSolutionNode = FALSE
	EndGlobalSection
	GlobalSection(ExtensibilityGlobals) = postSolution
		SolutionGuid = {72428E9D-913C-4E68-82FF-61BF79C672A1}
	EndGlobalSection
EndGlobal
